
Microsoft Visual Studio Solution File, Format Version 12.00
# Visual Studio Version 17
VisualStudioVersion = 17.14.36221.1 d17.14
MinimumVisualStudioVersion = 10.0.40219.1
Project("{FAE04EC0-301F-11D3-BF4B-00C04F79EFBC}") = "Blazor.KHandyInterop", "Blazor.KHandyInterop\Blazor.KHandyInterop.csproj", "{ECE8F8FE-7DEE-246F-FFB8-0496375FF000}"
EndProject
Global
	GlobalSection(SolutionConfigurationPlatforms) = preSolution
		Debug|Any CPU = Debug|Any CPU
		Release|Any CPU = Release|Any CPU
	EndGlobalSection
	GlobalSection(ProjectConfigurationPlatforms) = postSolution
		{ECE8F8FE-7DEE-246F-FFB8-0496375FF000}.Debug|Any CPU.ActiveCfg = Debug|Any CPU
		{ECE8F8FE-7DEE-246F-FFB8-0496375FF000}.Debug|Any CPU.Build.0 = Debug|Any CPU
		{ECE8F8FE-7DEE-246F-FFB8-0496375FF000}.Release|Any CPU.ActiveCfg = Release|Any CPU
		{ECE8F8FE-7DEE-246F-FFB8-0496375FF000}.Release|Any CPU.Build.0 = Release|Any CPU
	EndGlobalSection
	GlobalSection(SolutionProperties) = preSolution
		HideSolutionNode = FALSE
	EndGlobalSection
	GlobalSection(ExtensibilityGlobals) = postSolution
		SolutionGuid = {44612850-F360-44CB-B38B-BB8D90A86876}
	EndGlobalSection
EndGlobal
